{
  "name": "exercise4",
  "version": "0.0.1",
  "lockfileVersion": 1,
  "requires": true,
  "dependencies": {
    "should": {
      "version": "11.2.1",
      "resolved": "http://registry.npm.taobao.org/should/download/should-11.2.1.tgz",
      "dev": true,
      "dependencies": {
        "should-equal": {
          "version": "http://registry.npm.taobao.org/should-equal/download/should-equal-1.0.1.tgz",
          "bundled": true
        },
        "should-format": {
          "version": "http://registry.npm.taobao.org/should-format/download/should-format-3.0.3.tgz",
          "bundled": true
        },
        "should-type": {
          "version": "http://registry.npm.taobao.org/should-type/download/should-type-1.4.0.tgz",
          "bundled": true
        },
        "should-type-adaptors": {
          "version": "http://registry.npm.taobao.org/should-type-adaptors/download/should-type-adaptors-1.1.0.tgz",
          "bundled": true,
          "dependencies": {
            "should-type": {
              "version": "http://registry.npm.taobao.org/should-type/download/should-type-1.4.0.tgz"
            },
            "should-util": {
              "version": "http://registry.npm.taobao.org/should-util/download/should-util-1.0.0.tgz"
            }
          }
        },
        "should-util": {
          "version": "http://registry.npm.taobao.org/should-util/download/should-util-1.0.0.tgz",
          "bundled": true
        }
      }
    }
  }
}
